
Microsoft Visual Studio Solution File, Format Version 12.00
# Visual Studio 14
VisualStudioVersion = 14.0.24720.0
MinimumVisualStudioVersion = 10.0.40219.1
Project("{8BC9CEB8-8B4A-11D0-8D11-00A0C91BC942}") = "chap02", "chap02\chap02.vcxproj", "{4D9D29F1-2C1E-4EEC-8F0E-D835E229E534}"
EndProject
Project("{8BC9CEB8-8B4A-11D0-8D11-00A0C91BC942}") = "chap03", "chap03\chap03.vcxproj", "{A7C084FC-F153-4593-8A62-5DDE94910172}"
EndProject
Project("{8BC9CEB8-8B4A-11D0-8D11-00A0C91BC942}") = "chap04", "chap04\chap04.vcxproj", "{47E4C79C-8C7D-4560-98D8-B4BCBBC3DA3F}"
EndProject
Project("{8BC9CEB8-8B4A-11D0-8D11-00A0C91BC942}") = "chap05", "chap05\chap05.vcxproj", "{342EC729-2D76-46D1-A149-B7921783C5C1}"
EndProject
Project("{8BC9CEB8-8B4A-11D0-8D11-00A0C91BC942}") = "chap06", "chap06\chap06.vcxproj", "{0E2C1177-83C3-4540-B67E-9822BEA30831}"
EndProject
Project("{8BC9CEB8-8B4A-11D0-8D11-00A0C91BC942}") = "chap07", "chap07\chap07.vcxproj", "{8271BD3C-8F91-4CC4-B32A-8A1D2AC7A695}"
EndProject
Project("{8BC9CEB8-8B4A-11D0-8D11-00A0C91BC942}") = "chap08", "chap08\chap08.vcxproj", "{D161A75F-690D-4F74-AB30-86614B5BA426}"
EndProject
Project("{8BC9CEB8-8B4A-11D0-8D11-00A0C91BC942}") = "chap09", "chap09\chap09.vcxproj", "{259F5991-61CF-4E0D-9256-788B73F90388}"
EndProject
Project("{8BC9CEB8-8B4A-11D0-8D11-00A0C91BC942}") = "chap10", "chap10\chap10.vcxproj", "{C6582AF3-B03C-47CA-82FE-4A6DB3A41E8A}"
EndProject
Global
	GlobalSection(SolutionConfigurationPlatforms) = preSolution
		Debug|x64 = Debug|x64
		Debug|x86 = Debug|x86
		Release|x64 = Release|x64
		Release|x86 = Release|x86
	EndGlobalSection
	GlobalSection(ProjectConfigurationPlatforms) = postSolution
		{4D9D29F1-2C1E-4EEC-8F0E-D835E229E534}.Debug|x64.ActiveCfg = Debug|x64
		{4D9D29F1-2C1E-4EEC-8F0E-D835E229E534}.Debug|x64.Build.0 = Debug|x64
		{4D9D29F1-2C1E-4EEC-8F0E-D835E229E534}.Debug|x86.ActiveCfg = Debug|Win32
		{4D9D29F1-2C1E-4EEC-8F0E-D835E229E534}.Debug|x86.Build.0 = Debug|Win32
		{4D9D29F1-2C1E-4EEC-8F0E-D835E229E534}.Release|x64.ActiveCfg = Release|x64
		{4D9D29F1-2C1E-4EEC-8F0E-D835E229E534}.Release|x64.Build.0 = Release|x64
		{4D9D29F1-2C1E-4EEC-8F0E-D835E229E534}.Release|x86.ActiveCfg = Release|Win32
		{4D9D29F1-2C1E-4EEC-8F0E-D835E229E534}.Release|x86.Build.0 = Release|Win32
		{A7C084FC-F153-4593-8A62-5DDE94910172}.Debug|x64.ActiveCfg = Debug|x64
		{A7C084FC-F153-4593-8A62-5DDE94910172}.Debug|x64.Build.0 = Debug|x64
		{A7C084FC-F153-4593-8A62-5DDE94910172}.Debug|x86.ActiveCfg = Debug|Win32
		{A7C084FC-F153-4593-8A62-5DDE94910172}.Debug|x86.Build.0 = Debug|Win32
		{A7C084FC-F153-4593-8A62-5DDE94910172}.Release|x64.ActiveCfg = Release|x64
		{A7C084FC-F153-4593-8A62-5DDE94910172}.Release|x64.Build.0 = Release|x64
		{A7C084FC-F153-4593-8A62-5DDE94910172}.Release|x86.ActiveCfg = Release|Win32
		{A7C084FC-F153-4593-8A62-5DDE94910172}.Release|x86.Build.0 = Release|Win32
		{47E4C79C-8C7D-4560-98D8-B4BCBBC3DA3F}.Debug|x64.ActiveCfg = Debug|x64
		{47E4C79C-8C7D-4560-98D8-B4BCBBC3DA3F}.Debug|x64.Build.0 = Debug|x64
		{47E4C79C-8C7D-4560-98D8-B4BCBBC3DA3F}.Debug|x86.ActiveCfg = Debug|Win32
		{47E4C79C-8C7D-4560-98D8-B4BCBBC3DA3F}.Debug|x86.Build.0 = Debug|Win32
		{47E4C79C-8C7D-4560-98D8-B4BCBBC3DA3F}.Release|x64.ActiveCfg = Release|x64
		{47E4C79C-8C7D-4560-98D8-B4BCBBC3DA3F}.Release|x64.Build.0 = Release|x64
		{47E4C79C-8C7D-4560-98D8-B4BCBBC3DA3F}.Release|x86.ActiveCfg = Release|Win32
		{47E4C79C-8C7D-4560-98D8-B4BCBBC3DA3F}.Release|x86.Build.0 = Release|Win32
		{342EC729-2D76-46D1-A149-B7921783C5C1}.Debug|x64.ActiveCfg = Debug|x64
		{342EC729-2D76-46D1-A149-B7921783C5C1}.Debug|x64.Build.0 = Debug|x64
		{342EC729-2D76-46D1-A149-B7921783C5C1}.Debug|x86.ActiveCfg = Debug|Win32
		{342EC729-2D76-46D1-A149-B7921783C5C1}.Debug|x86.Build.0 = Debug|Win32
		{342EC729-2D76-46D1-A149-B7921783C5C1}.Release|x64.ActiveCfg = Release|x64
		{342EC729-2D76-46D1-A149-B7921783C5C1}.Release|x64.Build.0 = Release|x64
		{342EC729-2D76-46D1-A149-B7921783C5C1}.Release|x86.ActiveCfg = Release|Win32
		{342EC729-2D76-46D1-A149-B7921783C5C1}.Release|x86.Build.0 = Release|Win32
		{0E2C1177-83C3-4540-B67E-9822BEA30831}.Debug|x64.ActiveCfg = Debug|x64
		{0E2C1177-83C3-4540-B67E-9822BEA30831}.Debug|x64.Build.0 = Debug|x64
		{0E2C1177-83C3-4540-B67E-9822BEA30831}.Debug|x86.ActiveCfg = Debug|Win32
		{0E2C1177-83C3-4540-B67E-9822BEA30831}.Debug|x86.Build.0 = Debug|Win32
		{0E2C1177-83C3-4540-B67E-9822BEA30831}.Release|x64.ActiveCfg = Release|x64
		{0E2C1177-83C3-4540-B67E-9822BEA30831}.Release|x64.Build.0 = Release|x64
		{0E2C1177-83C3-4540-B67E-9822BEA30831}.Release|x86.ActiveCfg = Release|Win32
		{0E2C1177-83C3-4540-B67E-9822BEA30831}.Release|x86.Build.0 = Release|Win32
		{8271BD3C-8F91-4CC4-B32A-8A1D2AC7A695}.Debug|x64.ActiveCfg = Debug|x64
		{8271BD3C-8F91-4CC4-B32A-8A1D2AC7A695}.Debug|x64.Build.0 = Debug|x64
		{8271BD3C-8F91-4CC4-B32A-8A1D2AC7A695}.Debug|x86.ActiveCfg = Debug|Win32
		{8271BD3C-8F91-4CC4-B32A-8A1D2AC7A695}.Debug|x86.Build.0 = Debug|Win32
		{8271BD3C-8F91-4CC4-B32A-8A1D2AC7A695}.Release|x64.ActiveCfg = Release|x64
		{8271BD3C-8F91-4CC4-B32A-8A1D2AC7A695}.Release|x64.Build.0 = Release|x64
		{8271BD3C-8F91-4CC4-B32A-8A1D2AC7A695}.Release|x86.ActiveCfg = Release|Win32
		{8271BD3C-8F91-4CC4-B32A-8A1D2AC7A695}.Release|x86.Build.0 = Release|Win32
		{D161A75F-690D-4F74-AB30-86614B5BA426}.Debug|x64.ActiveCfg = Debug|x64
		{D161A75F-690D-4F74-AB30-86614B5BA426}.Debug|x64.Build.0 = Debug|x64
		{D161A75F-690D-4F74-AB30-86614B5BA426}.Debug|x86.ActiveCfg = Debug|Win32
		{D161A75F-690D-4F74-AB30-86614B5BA426}.Debug|x86.Build.0 = Debug|Win32
		{D161A75F-690D-4F74-AB30-86614B5BA426}.Release|x64.ActiveCfg = Release|x64
		{D161A75F-690D-4F74-AB30-86614B5BA426}.Release|x64.Build.0 = Release|x64
		{D161A75F-690D-4F74-AB30-86614B5BA426}.Release|x86.ActiveCfg = Release|Win32
		{D161A75F-690D-4F74-AB30-86614B5BA426}.Release|x86.Build.0 = Release|Win32
		{259F5991-61CF-4E0D-9256-788B73F90388}.Debug|x64.ActiveCfg = Debug|x64
		{259F5991-61CF-4E0D-9256-788B73F90388}.Debug|x64.Build.0 = Debug|x64
		{259F5991-61CF-4E0D-9256-788B73F90388}.Debug|x86.ActiveCfg = Debug|Win32
		{259F5991-61CF-4E0D-9256-788B73F90388}.Debug|x86.Build.0 = Debug|Win32
		{259F5991-61CF-4E0D-9256-788B73F90388}.Release|x64.ActiveCfg = Release|x64
		{259F5991-61CF-4E0D-9256-788B73F90388}.Release|x64.Build.0 = Release|x64
		{259F5991-61CF-4E0D-9256-788B73F90388}.Release|x86.ActiveCfg = Release|Win32
		{259F5991-61CF-4E0D-9256-788B73F90388}.Release|x86.Build.0 = Release|Win32
		{C6582AF3-B03C-47CA-82FE-4A6DB3A41E8A}.Debug|x64.ActiveCfg = Debug|x64
		{C6582AF3-B03C-47CA-82FE-4A6DB3A41E8A}.Debug|x64.Build.0 = Debug|x64
		{C6582AF3-B03C-47CA-82FE-4A6DB3A41E8A}.Debug|x86.ActiveCfg = Debug|Win32
		{C6582AF3-B03C-47CA-82FE-4A6DB3A41E8A}.Debug|x86.Build.0 = Debug|Win32
		{C6582AF3-B03C-47CA-82FE-4A6DB3A41E8A}.Release|x64.ActiveCfg = Release|x64
		{C6582AF3-B03C-47CA-82FE-4A6DB3A41E8A}.Release|x64.Build.0 = Release|x64
		{C6582AF3-B03C-47CA-82FE-4A6DB3A41E8A}.Release|x86.ActiveCfg = Release|Win32
		{C6582AF3-B03C-47CA-82FE-4A6DB3A41E8A}.Release|x86.Build.0 = Release|Win32
	EndGlobalSection
	GlobalSection(SolutionProperties) = preSolution
		HideSolutionNode = FALSE
	EndGlobalSection
EndGlobal
