
Microsoft Visual Studio Solution File, Format Version 12.00
# Visual Studio 14
VisualStudioVersion = 14.0.24720.0
MinimumVisualStudioVersion = 10.0.40219.1
Project("{8BC9CEB8-8B4A-11D0-8D11-00A0C91BC942}") = "chap2", "chap2\chap2.vcxproj", "{4D9D29F1-2C1E-4EEC-8F0E-D835E229E534}"
EndProject
Project("{8BC9CEB8-8B4A-11D0-8D11-00A0C91BC942}") = "chap3", "chap3\chap3.vcxproj", "{A7C084FC-F153-4593-8A62-5DDE94910172}"
EndProject
Project("{8BC9CEB8-8B4A-11D0-8D11-00A0C91BC942}") = "chap4", "chap4\chap4.vcxproj", "{47E4C79C-8C7D-4560-98D8-B4BCBBC3DA3F}"
EndProject
Project("{8BC9CEB8-8B4A-11D0-8D11-00A0C91BC942}") = "chap5", "chap5\chap5.vcxproj", "{342EC729-2D76-46D1-A149-B7921783C5C1}"
EndProject
Project("{8BC9CEB8-8B4A-11D0-8D11-00A0C91BC942}") = "chap6", "chap6\chap6.vcxproj", "{0E2C1177-83C3-4540-B67E-9822BEA30831}"
EndProject
Global
	GlobalSection(SolutionConfigurationPlatforms) = preSolution
		Debug|x64 = Debug|x64
		Debug|x86 = Debug|x86
		Release|x64 = Release|x64
		Release|x86 = Release|x86
	EndGlobalSection
	GlobalSection(ProjectConfigurationPlatforms) = postSolution
		{4D9D29F1-2C1E-4EEC-8F0E-D835E229E534}.Debug|x64.ActiveCfg = Debug|x64
		{4D9D29F1-2C1E-4EEC-8F0E-D835E229E534}.Debug|x64.Build.0 = Debug|x64
		{4D9D29F1-2C1E-4EEC-8F0E-D835E229E534}.Debug|x86.ActiveCfg = Debug|Win32
		{4D9D29F1-2C1E-4EEC-8F0E-D835E229E534}.Debug|x86.Build.0 = Debug|Win32
		{4D9D29F1-2C1E-4EEC-8F0E-D835E229E534}.Release|x64.ActiveCfg = Release|x64
		{4D9D29F1-2C1E-4EEC-8F0E-D835E229E534}.Release|x64.Build.0 = Release|x64
		{4D9D29F1-2C1E-4EEC-8F0E-D835E229E534}.Release|x86.ActiveCfg = Release|Win32
		{4D9D29F1-2C1E-4EEC-8F0E-D835E229E534}.Release|x86.Build.0 = Release|Win32
		{A7C084FC-F153-4593-8A62-5DDE94910172}.Debug|x64.ActiveCfg = Debug|x64
		{A7C084FC-F153-4593-8A62-5DDE94910172}.Debug|x64.Build.0 = Debug|x64
		{A7C084FC-F153-4593-8A62-5DDE94910172}.Debug|x86.ActiveCfg = Debug|Win32
		{A7C084FC-F153-4593-8A62-5DDE94910172}.Debug|x86.Build.0 = Debug|Win32
		{A7C084FC-F153-4593-8A62-5DDE94910172}.Release|x64.ActiveCfg = Release|x64
		{A7C084FC-F153-4593-8A62-5DDE94910172}.Release|x64.Build.0 = Release|x64
		{A7C084FC-F153-4593-8A62-5DDE94910172}.Release|x86.ActiveCfg = Release|Win32
		{A7C084FC-F153-4593-8A62-5DDE94910172}.Release|x86.Build.0 = Release|Win32
		{47E4C79C-8C7D-4560-98D8-B4BCBBC3DA3F}.Debug|x64.ActiveCfg = Debug|x64
		{47E4C79C-8C7D-4560-98D8-B4BCBBC3DA3F}.Debug|x64.Build.0 = Debug|x64
		{47E4C79C-8C7D-4560-98D8-B4BCBBC3DA3F}.Debug|x86.ActiveCfg = Debug|Win32
		{47E4C79C-8C7D-4560-98D8-B4BCBBC3DA3F}.Debug|x86.Build.0 = Debug|Win32
		{47E4C79C-8C7D-4560-98D8-B4BCBBC3DA3F}.Release|x64.ActiveCfg = Release|x64
		{47E4C79C-8C7D-4560-98D8-B4BCBBC3DA3F}.Release|x64.Build.0 = Release|x64
		{47E4C79C-8C7D-4560-98D8-B4BCBBC3DA3F}.Release|x86.ActiveCfg = Release|Win32
		{47E4C79C-8C7D-4560-98D8-B4BCBBC3DA3F}.Release|x86.Build.0 = Release|Win32
		{342EC729-2D76-46D1-A149-B7921783C5C1}.Debug|x64.ActiveCfg = Debug|x64
		{342EC729-2D76-46D1-A149-B7921783C5C1}.Debug|x64.Build.0 = Debug|x64
		{342EC729-2D76-46D1-A149-B7921783C5C1}.Debug|x86.ActiveCfg = Debug|Win32
		{342EC729-2D76-46D1-A149-B7921783C5C1}.Debug|x86.Build.0 = Debug|Win32
		{342EC729-2D76-46D1-A149-B7921783C5C1}.Release|x64.ActiveCfg = Release|x64
		{342EC729-2D76-46D1-A149-B7921783C5C1}.Release|x64.Build.0 = Release|x64
		{342EC729-2D76-46D1-A149-B7921783C5C1}.Release|x86.ActiveCfg = Release|Win32
		{342EC729-2D76-46D1-A149-B7921783C5C1}.Release|x86.Build.0 = Release|Win32
		{0E2C1177-83C3-4540-B67E-9822BEA30831}.Debug|x64.ActiveCfg = Debug|x64
		{0E2C1177-83C3-4540-B67E-9822BEA30831}.Debug|x64.Build.0 = Debug|x64
		{0E2C1177-83C3-4540-B67E-9822BEA30831}.Debug|x86.ActiveCfg = Debug|Win32
		{0E2C1177-83C3-4540-B67E-9822BEA30831}.Debug|x86.Build.0 = Debug|Win32
		{0E2C1177-83C3-4540-B67E-9822BEA30831}.Release|x64.ActiveCfg = Release|x64
		{0E2C1177-83C3-4540-B67E-9822BEA30831}.Release|x64.Build.0 = Release|x64
		{0E2C1177-83C3-4540-B67E-9822BEA30831}.Release|x86.ActiveCfg = Release|Win32
		{0E2C1177-83C3-4540-B67E-9822BEA30831}.Release|x86.Build.0 = Release|Win32
	EndGlobalSection
	GlobalSection(SolutionProperties) = preSolution
		HideSolutionNode = FALSE
	EndGlobalSection
EndGlobal
